
Microsoft Visual Studio Solution File, Format Version 12.00
# Visual Studio Version 16
VisualStudioVersion = 16.0.31321.278
MinimumVisualStudioVersion = 10.0.40219.1
Project("{FAE04EC0-301F-11D3-BF4B-00C04F79EFBC}") = "MvcCorePaginacionRegistros", "MvcCorePaginacionRegistros\MvcCorePaginacionRegistros.csproj", "{A020C343-405E-40B0-92E3-BC43B33204ED}"
EndProject
Global
	GlobalSection(SolutionConfigurationPlatforms) = preSolution
		Debug|Any CPU = Debug|Any CPU
		Release|Any CPU = Release|Any CPU
	EndGlobalSection
	GlobalSection(ProjectConfigurationPlatforms) = postSolution
		{A020C343-405E-40B0-92E3-BC43B33204ED}.Debug|Any CPU.ActiveCfg = Debug|Any CPU
		{A020C343-405E-40B0-92E3-BC43B33204ED}.Debug|Any CPU.Build.0 = Debug|Any CPU
		{A020C343-405E-40B0-92E3-BC43B33204ED}.Release|Any CPU.ActiveCfg = Release|Any CPU
		{A020C343-405E-40B0-92E3-BC43B33204ED}.Release|Any CPU.Build.0 = Release|Any CPU
	EndGlobalSection
	GlobalSection(SolutionProperties) = preSolution
		HideSolutionNode = FALSE
	EndGlobalSection
	GlobalSection(ExtensibilityGlobals) = postSolution
		SolutionGuid = {CAFBD3CB-B1A2-46F4-BBAD-0C8798BBF356}
	EndGlobalSection
EndGlobal
